
Microsoft Visual Studio Solution File, Format Version 12.00
# Visual Studio 14
VisualStudioVersion = 14.0.25123.0
MinimumVisualStudioVersion = 10.0.40219.1
Project("{FAE04EC0-301F-11D3-BF4B-00C04F79EFBC}") = "HandwritingInstituteBillingSystem", "HandwritingInstituteBillingSystem\HandwritingInstituteBillingSystem.csproj", "{3D026BEA-5285-4FD2-87CF-7CBCF5607E38}"
EndProject
Project("{FAE04EC0-301F-11D3-BF4B-00C04F79EFBC}") = "FraudDetector", "FraudDetector\FraudDetector.csproj", "{60902CEB-F466-4D29-8B66-FBBD2A72825E}"
EndProject
Global
	GlobalSection(SolutionConfigurationPlatforms) = preSolution
		Debug|Any CPU = Debug|Any CPU
		Release|Any CPU = Release|Any CPU
	EndGlobalSection
	GlobalSection(ProjectConfigurationPlatforms) = postSolution
		{3D026BEA-5285-4FD2-87CF-7CBCF5607E38}.Debug|Any CPU.ActiveCfg = Debug|Any CPU
		{3D026BEA-5285-4FD2-87CF-7CBCF5607E38}.Debug|Any CPU.Build.0 = Debug|Any CPU
		{3D026BEA-5285-4FD2-87CF-7CBCF5607E38}.Release|Any CPU.ActiveCfg = Release|Any CPU
		{3D026BEA-5285-4FD2-87CF-7CBCF5607E38}.Release|Any CPU.Build.0 = Release|Any CPU
		{60902CEB-F466-4D29-8B66-FBBD2A72825E}.Debug|Any CPU.ActiveCfg = Debug|Any CPU
		{60902CEB-F466-4D29-8B66-FBBD2A72825E}.Debug|Any CPU.Build.0 = Debug|Any CPU
		{60902CEB-F466-4D29-8B66-FBBD2A72825E}.Release|Any CPU.ActiveCfg = Release|Any CPU
		{60902CEB-F466-4D29-8B66-FBBD2A72825E}.Release|Any CPU.Build.0 = Release|Any CPU
	EndGlobalSection
	GlobalSection(SolutionProperties) = preSolution
		HideSolutionNode = FALSE
	EndGlobalSection
EndGlobal
